{
    "hash": "257a3481bebbeacb91d880c10d23b0fd",
    "packages": [
        {
            "name": "doctrine/common",
            "version": "2.3.0",
            "source": {
                "type": "git",
                "url": "https://github.com/doctrine/common",
                "reference": "2.3.0"
            },
            "dist": {
                "type": "zip",
                "url": "https://github.com/doctrine/common/zipball/2.3.0",
                "reference": "2.3.0",
                "shasum": ""
            },
            "require": {
                "php": ">=5.3.2"
            },
            "time": "2012-09-19 19:55:18",
            "type": "library",
            "extra": {
                "branch-alias": {
                    "dev-master": "2.3.x-dev"
                }
            },
            "installation-source": "dist",
            "autoload": {
                "psr-0": {
                    "Doctrine\\Common": "lib/"
                }
            },
            "license": [
                "MIT"
            ],
            "authors": [
                {
                    "name": "Jonathan Wage",
                    "email": "jonwage@gmail.com",
                    "homepage": "http://www.jwage.com/"
                },
                {
                    "name": "Guilherme Blanco",
                    "email": "guilhermeblanco@gmail.com",
                    "homepage": "http://www.instaclick.com"
                },
                {
                    "name": "Roman Borschel",
                    "email": "roman@code-factory.org"
                },
                {
                    "name": "Benjamin Eberlei",
                    "email": "kontakt@beberlei.de"
                },
                {
                    "name": "Johannes Schmitt",
                    "email": "schmittjoh@gmail.com",
                    "homepage": "https://github.com/schmittjoh",
                    "role": "Developer of wrapped JMSSerializerBundle"
                }
            ],
            "description": "Common Library for Doctrine projects",
            "homepage": "http://www.doctrine-project.org",
            "keywords": [
                "collections",
                "spl",
                "eventmanager",
                "annotations",
                "persistence"
            ]
        },
        {
            "name": "probesys/generator-bundle",
            "version": "dev-master",
            "target-dir": "Probesys/GeneratorBundle",
            "source": {
                "type": "git",
                "url": "http://git.probesys.com/probesysgeneratorbundle.git",
                "reference": "50b30e7a3250f6c28c41ff44e1d48e9ece8dbbe6"
            },
            "dist": {
                "type": "zip",
                "url": "https://github.com/purplefish32/ProbesysGeneratorBundle/zipball/739f5005ecf52e749b8d24f9ddb0dfc62f29295c",
                "reference": "739f5005ecf52e749b8d24f9ddb0dfc62f29295c",
                "shasum": ""
            },
            "require": {
                "php": ">=5.3.0"
            },
            "time": "1349884417",
            "type": "library",
            "installation-source": "source",
            "autoload": {
                "psr-0": {
                    "Probesys\\GeneratorBundle": ""
                }
            },
            "license": [
                "GPL-V3"
            ],
            "authors": [
                {
                    "name": "Donovan Tengblad",
                    "email": "donovan.tengblad@probesys.com",
                    "homepage": "http://probesys.com"
                }
            ],
            "description": "Probesys Generator Bundle",
            "homepage": "http://probesys.com",
            "keywords": [
                "generator",
                "Probesys"
            ]
        },
        {
            "name": "symfony/symfony",
            "version": "v2.1.2",
            "source": {
                "type": "git",
                "url": "git://github.com/symfony/symfony.git",
                "reference": "v2.1.2"
            },
            "dist": {
                "type": "zip",
                "url": "https://github.com/symfony/symfony/zipball/v2.1.2",
                "reference": "v2.1.2",
                "shasum": ""
            },
            "require": {
                "php": ">=5.3.3",
                "doctrine/common": ">2.2,<2.4-dev",
                "twig/twig": ">=1.9.1,<2.0-dev"
            },
            "replace": {
                "symfony/doctrine-bridge": "self.version",
                "symfony/monolog-bridge": "self.version",
                "symfony/propel1-bridge": "self.version",
                "symfony/swiftmailer-bridge": "self.version",
                "symfony/twig-bridge": "self.version",
                "symfony/framework-bundle": "self.version",
                "symfony/security-bundle": "self.version",
                "symfony/twig-bundle": "self.version",
                "symfony/web-profiler-bundle": "self.version",
                "symfony/browser-kit": "self.version",
                "symfony/class-loader": "self.version",
                "symfony/config": "self.version",
                "symfony/console": "self.version",
                "symfony/css-selector": "self.version",
                "symfony/dependency-injection": "self.version",
                "symfony/dom-crawler": "self.version",
                "symfony/event-dispatcher": "self.version",
                "symfony/filesystem": "self.version",
                "symfony/finder": "self.version",
                "symfony/form": "self.version",
                "symfony/http-foundation": "self.version",
                "symfony/http-kernel": "self.version",
                "symfony/locale": "self.version",
                "symfony/options-resolver": "self.version",
                "symfony/process": "self.version",
                "symfony/routing": "self.version",
                "symfony/security": "self.version",
                "symfony/serializer": "self.version",
                "symfony/templating": "self.version",
                "symfony/translation": "self.version",
                "symfony/validator": "self.version",
                "symfony/yaml": "self.version"
            },
            "require-dev": {
                "doctrine/dbal": ">=2.2,<2.4-dev",
                "doctrine/orm": ">=2.2.3,<2.4-dev",
                "doctrine/data-fixtures": "1.0.*",
                "propel/propel1": "dev-master",
                "monolog/monolog": "dev-master"
            },
            "time": "2012-09-19 21:13:00",
            "type": "library",
            "extra": {
                "branch-alias": {
                    "dev-master": "2.1-dev"
                }
            },
            "installation-source": "dist",
            "autoload": {
                "psr-0": {
                    "Symfony": "src/",
                    "SessionHandlerInterface": "src/Symfony/Component/HttpFoundation/Resources/stubs"
                }
            },
            "license": [
                "MIT"
            ],
            "authors": [
                {
                    "name": "Fabien Potencier",
                    "email": "fabien@symfony.com"
                },
                {
                    "name": "Symfony Community",
                    "homepage": "http://symfony.com/contributors"
                }
            ],
            "description": "The Symfony PHP framework",
            "homepage": "http://symfony.com",
            "keywords": [
                "framework"
            ]
        },
        {
            "name": "twig/twig",
            "version": "v1.10.0",
            "source": {
                "type": "git",
                "url": "git://github.com/fabpot/Twig.git",
                "reference": "v1.10.0"
            },
            "dist": {
                "type": "zip",
                "url": "https://github.com/fabpot/Twig/zipball/v1.10.0",
                "reference": "v1.10.0",
                "shasum": ""
            },
            "require": {
                "php": ">=5.2.4"
            },
            "time": "2012-09-28 10:11:39",
            "type": "library",
            "extra": {
                "branch-alias": {
                    "dev-master": "1.10-dev"
                }
            },
            "installation-source": "dist",
            "autoload": {
                "psr-0": {
                    "Twig_": "lib/"
                }
            },
            "license": [
                "BSD-3"
            ],
            "authors": [
                {
                    "name": "Fabien Potencier",
                    "email": "fabien@symfony.com"
                },
                {
                    "name": "Armin Ronacher",
                    "email": "armin.ronacher@active-4.com"
                }
            ],
            "description": "Twig, the flexible, fast, and secure template language for PHP",
            "homepage": "http://twig.sensiolabs.org",
            "keywords": [
                "templating"
            ]
        }
    ],
    "packages-dev": null,
    "aliases": [

    ],
    "minimum-stability": "stable",
    "stability-flags": {
        "probesys/generator-bundle": 20
    }
}
