{
    "hash": "cfb923651e8e61af35e01b2244c144fc",
    "packages": [
        {
            "name": "doctrine/common",
            "version": "2.3.x-dev",
            "source": {
                "type": "git",
                "url": "https://github.com/doctrine/common",
                "reference": "bb0aebbf234db52df476a2b473d434745b34221c"
            },
            "dist": {
                "type": "zip",
                "url": "https://github.com/doctrine/common/zipball/bb0aebbf234db52df476a2b473d434745b34221c",
                "reference": "bb0aebbf234db52df476a2b473d434745b34221c",
                "shasum": ""
            },
            "require": {
                "php": ">=5.3.2"
            },
            "time": "1348120518",
            "type": "library",
            "extra": {
                "branch-alias": {
                    "dev-master": "2.3.x-dev"
                }
            },
            "installation-source": "source",
            "autoload": {
                "psr-0": {
                    "Doctrine\\Common": "lib/"
                }
            },
            "license": [
                "MIT"
            ],
            "authors": [
                {
                    "name": "Jonathan Wage",
                    "email": "jonwage@gmail.com",
                    "homepage": "http://www.jwage.com/"
                },
                {
                    "name": "Guilherme Blanco",
                    "email": "guilhermeblanco@gmail.com",
                    "homepage": "http://www.instaclick.com"
                },
                {
                    "name": "Roman Borschel",
                    "email": "roman@code-factory.org"
                },
                {
                    "name": "Benjamin Eberlei",
                    "email": "kontakt@beberlei.de"
                },
                {
                    "name": "Johannes Schmitt",
                    "email": "schmittjoh@gmail.com",
                    "homepage": "https://github.com/schmittjoh",
                    "role": "Developer of wrapped JMSSerializerBundle"
                }
            ],
            "description": "Common Library for Doctrine projects",
            "homepage": "http://www.doctrine-project.org",
            "keywords": [
                "collections",
                "spl",
                "eventmanager",
                "annotations",
                "persistence"
            ]
        },
        {
            "name": "mopa/bootstrap-bundle",
            "version": "dev-master",
            "target-dir": "Mopa/Bundle/BootstrapBundle",
            "source": {
                "type": "git",
                "url": "https://github.com/phiamo/MopaBootstrapBundle.git",
                "reference": "90fbde36abea97443a67786980c1067de31ea589"
            },
            "dist": {
                "type": "zip",
                "url": "https://github.com/phiamo/MopaBootstrapBundle/zipball/90fbde36abea97443a67786980c1067de31ea589",
                "reference": "90fbde36abea97443a67786980c1067de31ea589",
                "shasum": ""
            },
            "require": {
                "mopa/composer-bridge": "dev-master",
                "symfony/symfony": "2.1.*"
            },
            "suggest": {
                "knplabs/knp-paginator-bundle": "dev-master",
                "craue/formflow-bundle": "dev-master",
                "twitter/bootstrap": "2.0.*",
                "knplabs/knp-menu-bundle": "1.1.*",
                "thomas-mcdonald/bootstrap-sass": "dev-master"
            },
            "time": "1349698836",
            "type": "symfony-bundle",
            "extra": {
                "branch-alias": {
                    "dev-master": "2.1.x-dev"
                }
            },
            "installation-source": "source",
            "autoload": {
                "psr-0": {
                    "Mopa\\Bundle\\BootstrapBundle": ""
                }
            },
            "license": [
                "MIT"
            ],
            "authors": [
                {
                    "name": "Philipp A. Mohrenweiser",
                    "email": "phiamo@googlemail.com",
                    "homepage": "http://bootstrap.mohrenweiserpartner.de"
                },
                {
                    "name": "Community contributions",
                    "homepage": "https://github.com/phiamo/MopaBootstrapBundle/contributors"
                }
            ],
            "description": "Easy integration of twitters bootstrap into symfony2",
            "keywords": [
                "form",
                "extra form",
                "bootstrap",
                "bootstrap form",
                "template"
            ]
        },
        {
            "name": "mopa/composer-bridge",
            "version": "dev-master",
            "source": {
                "type": "git",
                "url": "git://github.com/phiamo/MopaComposerBridge.git",
                "reference": "84b8bf537163b4470f14d02554a0e9eb5d300172"
            },
            "dist": {
                "type": "zip",
                "url": "https://github.com/phiamo/MopaComposerBridge/zipball/84b8bf537163b4470f14d02554a0e9eb5d300172",
                "reference": "84b8bf537163b4470f14d02554a0e9eb5d300172",
                "shasum": ""
            },
            "require": {
                "symfony/console": "2.*"
            },
            "time": "1337596733",
            "type": "symfony-bridge",
            "installation-source": "source",
            "autoload": {
                "psr-0": {
                    "Mopa\\Bridge\\Composer": "src/"
                }
            },
            "license": [
                "MIT"
            ],
            "authors": [
                {
                    "name": "Philipp A. Mohrenweiser",
                    "email": "phiamo@googlemail.com",
                    "homepage": "http://bootstrap.mohrenweiserpartner.de"
                },
                {
                    "name": "Community contributions",
                    "homepage": "https://github.com/phiamo/MopaComposerBridge/contributors"
                }
            ],
            "description": "Symfony2 Composer Bridge",
            "homepage": "http://bootstrap.mohrenweiserpartner.de",
            "keywords": [
                "Symfony2",
                "composer"
            ]
        },
        {
            "name": "probesys/jquery-bundle",
            "version": "dev-master",
            "target-dir": "Probesys/JQueryBundle",
            "source": {
                "type": "git",
                "url": "http://git.probesys.com/probesysjquerybundle.git",
                "reference": "319936b30d9a3c0c53c47ad99368d504d7812c32"
            },
            "dist": {
                "type": "zip",
                "url": "https://github.com/purplefish32/ProbesysJQueryBundle/zipball/319936b30d9a3c0c53c47ad99368d504d7812c32",
                "reference": "319936b30d9a3c0c53c47ad99368d504d7812c32",
                "shasum": ""
            },
            "require": {
                "php": ">=5.3.0"
            },
            "time": "1345643946",
            "type": "library",
            "installation-source": "source",
            "autoload": {
                "psr-0": {
                    "Probesys\\JQueryBundle": ""
                }
            },
            "authors": [
                {
                    "name": "Donovan Tengblad",
                    "email": "donovan.tengblad@probesys.com",
                    "homepage": "http://probesys.com"
                },
                {
                    "name": "Nayda Valery (Original Author)",
                    "homepage": "http://www.webcreator.kiev.ua"
                }
            ],
            "description": "JQuery helper",
            "homepage": "http://probesys.com",
            "keywords": [
                "jquery"
            ]
        },
        {
            "name": "symfony/symfony",
            "version": "2.1.x-dev",
            "source": {
                "type": "git",
                "url": "git://github.com/symfony/symfony.git",
                "reference": "854015265c24a7524d95d4ee57c59f2836d60dc1"
            },
            "dist": {
                "type": "zip",
                "url": "https://github.com/symfony/symfony/zipball/854015265c24a7524d95d4ee57c59f2836d60dc1",
                "reference": "854015265c24a7524d95d4ee57c59f2836d60dc1",
                "shasum": ""
            },
            "require": {
                "php": ">=5.3.3",
                "doctrine/common": ">2.2,<2.4-dev",
                "twig/twig": ">=1.9.1,<2.0-dev"
            },
            "replace": {
                "symfony/doctrine-bridge": "self.version",
                "symfony/monolog-bridge": "self.version",
                "symfony/propel1-bridge": "self.version",
                "symfony/swiftmailer-bridge": "self.version",
                "symfony/twig-bridge": "self.version",
                "symfony/framework-bundle": "self.version",
                "symfony/security-bundle": "self.version",
                "symfony/twig-bundle": "self.version",
                "symfony/web-profiler-bundle": "self.version",
                "symfony/browser-kit": "self.version",
                "symfony/class-loader": "self.version",
                "symfony/config": "self.version",
                "symfony/console": "self.version",
                "symfony/css-selector": "self.version",
                "symfony/dependency-injection": "self.version",
                "symfony/dom-crawler": "self.version",
                "symfony/event-dispatcher": "self.version",
                "symfony/filesystem": "self.version",
                "symfony/finder": "self.version",
                "symfony/form": "self.version",
                "symfony/http-foundation": "self.version",
                "symfony/http-kernel": "self.version",
                "symfony/locale": "self.version",
                "symfony/options-resolver": "self.version",
                "symfony/process": "self.version",
                "symfony/routing": "self.version",
                "symfony/security": "self.version",
                "symfony/serializer": "self.version",
                "symfony/templating": "self.version",
                "symfony/translation": "self.version",
                "symfony/validator": "self.version",
                "symfony/yaml": "self.version"
            },
            "require-dev": {
                "doctrine/dbal": ">=2.2,<2.4-dev",
                "doctrine/orm": ">=2.2.3,<2.4-dev",
                "doctrine/data-fixtures": "1.0.*",
                "propel/propel1": "dev-master",
                "monolog/monolog": "dev-master"
            },
            "time": "1349963062",
            "type": "library",
            "extra": {
                "branch-alias": {
                    "dev-master": "2.1-dev"
                }
            },
            "installation-source": "source",
            "autoload": {
                "psr-0": {
                    "Symfony": "src/",
                    "SessionHandlerInterface": "src/Symfony/Component/HttpFoundation/Resources/stubs"
                }
            },
            "license": [
                "MIT"
            ],
            "authors": [
                {
                    "name": "Fabien Potencier",
                    "email": "fabien@symfony.com"
                },
                {
                    "name": "Symfony Community",
                    "homepage": "http://symfony.com/contributors"
                }
            ],
            "description": "The Symfony PHP framework",
            "homepage": "http://symfony.com",
            "keywords": [
                "framework"
            ]
        },
        {
            "name": "twig/twig",
            "version": "dev-master",
            "source": {
                "type": "git",
                "url": "git://github.com/fabpot/Twig.git",
                "reference": "347bc81d6ed8e2bb793236aa9917c7e83f81c2b3"
            },
            "dist": {
                "type": "zip",
                "url": "https://github.com/fabpot/Twig/zipball/347bc81d6ed8e2bb793236aa9917c7e83f81c2b3",
                "reference": "347bc81d6ed8e2bb793236aa9917c7e83f81c2b3",
                "shasum": ""
            },
            "require": {
                "php": ">=5.2.4"
            },
            "time": "1349702400",
            "type": "library",
            "extra": {
                "branch-alias": {
                    "dev-master": "1.10-dev"
                }
            },
            "installation-source": "source",
            "autoload": {
                "psr-0": {
                    "Twig_": "lib/"
                }
            },
            "license": [
                "BSD-3"
            ],
            "authors": [
                {
                    "name": "Fabien Potencier",
                    "email": "fabien@symfony.com"
                },
                {
                    "name": "Armin Ronacher",
                    "email": "armin.ronacher@active-4.com"
                }
            ],
            "description": "Twig, the flexible, fast, and secure template language for PHP",
            "homepage": "http://twig.sensiolabs.org",
            "keywords": [
                "templating"
            ]
        }
    ],
    "packages-dev": null,
    "aliases": [

    ],
    "minimum-stability": "dev",
    "stability-flags": {
        "mopa/bootstrap-bundle": 20,
        "probesys/jquery-bundle": 20
    }
}
